
Microsoft Visual Studio Solution File, Format Version 12.00
# Visual Studio Version 17
VisualStudioVersion = 17.1.32319.34
MinimumVisualStudioVersion = 10.0.40219.1
Project("{2150E333-8FDC-42A3-9474-1A3956D46DE8}") = "IOServer主程序", "IOServer主程序", "{5AC851FD-C375-4D2D-971E-BF222BA73918}"
EndProject
Project("{2150E333-8FDC-42A3-9474-1A3956D46DE8}") = "通用类库", "通用类库", "{71515A75-7BE8-4DB5-8AFE-FB9AE0088462}"
EndProject
Project("{2150E333-8FDC-42A3-9474-1A3956D46DE8}") = "自定义控件", "自定义控件", "{DE173F1C-B6F4-43D7-85E9-CBFC22A821BF}"
EndProject
Project("{2150E333-8FDC-42A3-9474-1A3956D46DE8}") = "视频", "视频", "{509FE5C3-D85D-4593-AB9D-A745AE869BBC}"
EndProject
Project("{2150E333-8FDC-42A3-9474-1A3956D46DE8}") = "设备驱动", "设备驱动", "{95EEC382-DBAA-4754-B5D9-D58E7E0BA075}"
EndProject
Project("{2150E333-8FDC-42A3-9474-1A3956D46DE8}") = "报警系统", "报警系统", "{3B392466-EA9C-44ED-AA32-FBC9CE084C5F}"
EndProject
Project("{2150E333-8FDC-42A3-9474-1A3956D46DE8}") = "公共广播", "公共广播", "{621F19DB-8A23-4533-A78C-CBCC90B71BA1}"
EndProject
Project("{2150E333-8FDC-42A3-9474-1A3956D46DE8}") = "机房监控", "机房监控", "{87A80F66-2781-4AF1-AD4B-A804563BF712}"
EndProject
Project("{2150E333-8FDC-42A3-9474-1A3956D46DE8}") = "酒店管理", "酒店管理", "{7C18FCB4-04C1-4821-A222-79A506DE07D9}"
EndProject
Project("{2150E333-8FDC-42A3-9474-1A3956D46DE8}") = "消防系统", "消防系统", "{ABFC50A4-6BB6-4CDD-B612-D45FAD963660}"
EndProject
Project("{2150E333-8FDC-42A3-9474-1A3956D46DE8}") = "信息发布", "信息发布", "{22BC96ED-7C2D-4A4A-AEAF-F07A959EAFFC}"
EndProject
Project("{2150E333-8FDC-42A3-9474-1A3956D46DE8}") = "通用通讯", "通用通讯", "{9D4836BC-EA1E-4024-BA34-F43E8002C098}"
EndProject
Project("{FAE04EC0-301F-11D3-BF4B-00C04F79EFBC}") = "GUHEServer", "服务端\GUHEServer\GUHEServer.csproj", "{818D9F19-890D-42E9-8008-6019AF04D879}"
EndProject
Project("{2150E333-8FDC-42A3-9474-1A3956D46DE8}") = "门禁系统", "门禁系统", "{3D006FB6-4418-4892-96B3-738BD84B71B5}"
EndProject
Project("{2150E333-8FDC-42A3-9474-1A3956D46DE8}") = "停车场", "停车场", "{0C8F6F00-4F3B-4979-B9A3-64D03F118465}"
EndProject
Project("{2150E333-8FDC-42A3-9474-1A3956D46DE8}") = "巡更系统", "巡更系统", "{3B4E1F29-9F65-444D-BE26-F4C1B7EF32AD}"
EndProject
Project("{FAE04EC0-301F-11D3-BF4B-00C04F79EFBC}") = "WindowsServiceIO", "WindowsServiceIO\WindowsServiceIO.csproj", "{3F86FE2C-AB80-41DA-B6F3-769767299CF0}"
EndProject
Project("{2150E333-8FDC-42A3-9474-1A3956D46DE8}") = "智能照明", "智能照明", "{8DB57F88-7A38-4122-8A37-E383CBA5049A}"
EndProject
Project("{2150E333-8FDC-42A3-9474-1A3956D46DE8}") = "智慧校园", "智慧校园", "{1E19634B-2E78-4259-9EC7-87D9049BF284}"
EndProject
Project("{2150E333-8FDC-42A3-9474-1A3956D46DE8}") = "监控系统", "监控系统", "{76376730-847A-4D09-952E-A5B1FDAFB76D}"
EndProject
Global
	GlobalSection(SolutionConfigurationPlatforms) = preSolution
		Debug|Any CPU = Debug|Any CPU
		Debug|Mixed Platforms = Debug|Mixed Platforms
		Debug|Win32 = Debug|Win32
		Debug|x64 = Debug|x64
		Debug|x86 = Debug|x86
		Release|Any CPU = Release|Any CPU
		Release|Mixed Platforms = Release|Mixed Platforms
		Release|Win32 = Release|Win32
		Release|x64 = Release|x64
		Release|x86 = Release|x86
	EndGlobalSection
	GlobalSection(ProjectConfigurationPlatforms) = postSolution
		{818D9F19-890D-42E9-8008-6019AF04D879}.Debug|Any CPU.ActiveCfg = Debug|Any CPU
		{818D9F19-890D-42E9-8008-6019AF04D879}.Debug|Any CPU.Build.0 = Debug|Any CPU
		{818D9F19-890D-42E9-8008-6019AF04D879}.Debug|Mixed Platforms.ActiveCfg = Debug|x86
		{818D9F19-890D-42E9-8008-6019AF04D879}.Debug|Mixed Platforms.Build.0 = Debug|x86
		{818D9F19-890D-42E9-8008-6019AF04D879}.Debug|Win32.ActiveCfg = Debug|x86
		{818D9F19-890D-42E9-8008-6019AF04D879}.Debug|Win32.Build.0 = Debug|x86
		{818D9F19-890D-42E9-8008-6019AF04D879}.Debug|x64.ActiveCfg = Debug|x64
		{818D9F19-890D-42E9-8008-6019AF04D879}.Debug|x64.Build.0 = Debug|x64
		{818D9F19-890D-42E9-8008-6019AF04D879}.Debug|x86.ActiveCfg = Debug|x86
		{818D9F19-890D-42E9-8008-6019AF04D879}.Debug|x86.Build.0 = Debug|x86
		{818D9F19-890D-42E9-8008-6019AF04D879}.Release|Any CPU.ActiveCfg = Release|x86
		{818D9F19-890D-42E9-8008-6019AF04D879}.Release|Any CPU.Build.0 = Release|x86
		{818D9F19-890D-42E9-8008-6019AF04D879}.Release|Mixed Platforms.ActiveCfg = Release|x86
		{818D9F19-890D-42E9-8008-6019AF04D879}.Release|Mixed Platforms.Build.0 = Release|x86
		{818D9F19-890D-42E9-8008-6019AF04D879}.Release|Win32.ActiveCfg = Release|x86
		{818D9F19-890D-42E9-8008-6019AF04D879}.Release|Win32.Build.0 = Release|x86
		{818D9F19-890D-42E9-8008-6019AF04D879}.Release|x64.ActiveCfg = Release|x64
		{818D9F19-890D-42E9-8008-6019AF04D879}.Release|x64.Build.0 = Release|x64
		{818D9F19-890D-42E9-8008-6019AF04D879}.Release|x86.ActiveCfg = Release|x86
		{818D9F19-890D-42E9-8008-6019AF04D879}.Release|x86.Build.0 = Release|x86
		{3F86FE2C-AB80-41DA-B6F3-769767299CF0}.Debug|Any CPU.ActiveCfg = Debug|Any CPU
		{3F86FE2C-AB80-41DA-B6F3-769767299CF0}.Debug|Any CPU.Build.0 = Debug|Any CPU
		{3F86FE2C-AB80-41DA-B6F3-769767299CF0}.Debug|Mixed Platforms.ActiveCfg = Debug|x86
		{3F86FE2C-AB80-41DA-B6F3-769767299CF0}.Debug|Mixed Platforms.Build.0 = Debug|x86
		{3F86FE2C-AB80-41DA-B6F3-769767299CF0}.Debug|Win32.ActiveCfg = Debug|x86
		{3F86FE2C-AB80-41DA-B6F3-769767299CF0}.Debug|Win32.Build.0 = Debug|x86
		{3F86FE2C-AB80-41DA-B6F3-769767299CF0}.Debug|x64.ActiveCfg = Debug|x64
		{3F86FE2C-AB80-41DA-B6F3-769767299CF0}.Debug|x64.Build.0 = Debug|x64
		{3F86FE2C-AB80-41DA-B6F3-769767299CF0}.Debug|x86.ActiveCfg = Debug|x86
		{3F86FE2C-AB80-41DA-B6F3-769767299CF0}.Debug|x86.Build.0 = Debug|x86
		{3F86FE2C-AB80-41DA-B6F3-769767299CF0}.Release|Any CPU.ActiveCfg = Release|Any CPU
		{3F86FE2C-AB80-41DA-B6F3-769767299CF0}.Release|Any CPU.Build.0 = Release|Any CPU
		{3F86FE2C-AB80-41DA-B6F3-769767299CF0}.Release|Mixed Platforms.ActiveCfg = Release|x86
		{3F86FE2C-AB80-41DA-B6F3-769767299CF0}.Release|Mixed Platforms.Build.0 = Release|x86
		{3F86FE2C-AB80-41DA-B6F3-769767299CF0}.Release|Win32.ActiveCfg = Release|x86
		{3F86FE2C-AB80-41DA-B6F3-769767299CF0}.Release|Win32.Build.0 = Release|x86
		{3F86FE2C-AB80-41DA-B6F3-769767299CF0}.Release|x64.ActiveCfg = Release|x64
		{3F86FE2C-AB80-41DA-B6F3-769767299CF0}.Release|x64.Build.0 = Release|x64
		{3F86FE2C-AB80-41DA-B6F3-769767299CF0}.Release|x86.ActiveCfg = Release|x86
		{3F86FE2C-AB80-41DA-B6F3-769767299CF0}.Release|x86.Build.0 = Release|x86
	EndGlobalSection
	GlobalSection(SolutionProperties) = preSolution
		HideSolutionNode = FALSE
	EndGlobalSection
	GlobalSection(NestedProjects) = preSolution
		{509FE5C3-D85D-4593-AB9D-A745AE869BBC} = {DE173F1C-B6F4-43D7-85E9-CBFC22A821BF}
		{3B392466-EA9C-44ED-AA32-FBC9CE084C5F} = {95EEC382-DBAA-4754-B5D9-D58E7E0BA075}
		{621F19DB-8A23-4533-A78C-CBCC90B71BA1} = {95EEC382-DBAA-4754-B5D9-D58E7E0BA075}
		{87A80F66-2781-4AF1-AD4B-A804563BF712} = {95EEC382-DBAA-4754-B5D9-D58E7E0BA075}
		{7C18FCB4-04C1-4821-A222-79A506DE07D9} = {95EEC382-DBAA-4754-B5D9-D58E7E0BA075}
		{ABFC50A4-6BB6-4CDD-B612-D45FAD963660} = {95EEC382-DBAA-4754-B5D9-D58E7E0BA075}
		{22BC96ED-7C2D-4A4A-AEAF-F07A959EAFFC} = {95EEC382-DBAA-4754-B5D9-D58E7E0BA075}
		{9D4836BC-EA1E-4024-BA34-F43E8002C098} = {95EEC382-DBAA-4754-B5D9-D58E7E0BA075}
		{818D9F19-890D-42E9-8008-6019AF04D879} = {5AC851FD-C375-4D2D-971E-BF222BA73918}
		{3D006FB6-4418-4892-96B3-738BD84B71B5} = {95EEC382-DBAA-4754-B5D9-D58E7E0BA075}
		{0C8F6F00-4F3B-4979-B9A3-64D03F118465} = {95EEC382-DBAA-4754-B5D9-D58E7E0BA075}
		{3B4E1F29-9F65-444D-BE26-F4C1B7EF32AD} = {95EEC382-DBAA-4754-B5D9-D58E7E0BA075}
		{3F86FE2C-AB80-41DA-B6F3-769767299CF0} = {5AC851FD-C375-4D2D-971E-BF222BA73918}
		{8DB57F88-7A38-4122-8A37-E383CBA5049A} = {95EEC382-DBAA-4754-B5D9-D58E7E0BA075}
		{1E19634B-2E78-4259-9EC7-87D9049BF284} = {95EEC382-DBAA-4754-B5D9-D58E7E0BA075}
		{76376730-847A-4D09-952E-A5B1FDAFB76D} = {95EEC382-DBAA-4754-B5D9-D58E7E0BA075}
	EndGlobalSection
	GlobalSection(ExtensibilityGlobals) = postSolution
		SolutionGuid = {D6C6B005-4CDC-40C1-A41A-EBD6ADEDCF57}
	EndGlobalSection
EndGlobal
